// !$*UTF8*$!
{
	archiveVersion = 1;
	classes = {
	};
	objectVersion = 46;
	objects = {

/* Begin PBXBuildFile section */
		0675781E1D37F9030051509A /* AppDelegate.swift in Sources */ = {isa = PBXBuildFile; fileRef = 0675781D1D37F9030051509A /* AppDelegate.swift */; };
		067578201D37F9030051509A /* ViewController.swift in Sources */ = {isa = PBXBuildFile; fileRef = 0675781F1D37F9030051509A /* ViewController.swift */; };
		067578231D37F9030051509A /* Main.storyboard in Resources */ = {isa = PBXBuildFile; fileRef = 067578211D37F9030051509A /* Main.storyboard */; };
		067578251D37F9030051509A /* Assets.xcassets in Resources */ = {isa = PBXBuildFile; fileRef = 067578241D37F9030051509A /* Assets.xcassets */; };
		067578281D37F9030051509A /* LaunchScreen.storyboard in Resources */ = {isa = PBXBuildFile; fileRef = 067578261D37F9030051509A /* LaunchScreen.storyboard */; };
		067578301D381BA30051509A /* TodoTableViewController.swift in Sources */ = {isa = PBXBuildFile; fileRef = 0675782F1D381BA30051509A /* TodoTableViewController.swift */; };
		067578341D381BCA0051509A /* TodoSchedulingViewController.swift in Sources */ = {isa = PBXBuildFile; fileRef = 067578331D381BCA0051509A /* TodoSchedulingViewController.swift */; };
		067578361D3821370051509A /* TodoItem.swift in Sources */ = {isa = PBXBuildFile; fileRef = 067578351D3821370051509A /* TodoItem.swift */; };
		067578381D3821DD0051509A /* TodoList.swift in Sources */ = {isa = PBXBuildFile; fileRef = 067578371D3821DD0051509A /* TodoList.swift */; };
/* End PBXBuildFile section */

/* Begin PBXFileReference section */
		0675781A1D37F9030051509A /* Test Project.app */ = {isa = PBXFileReference; explicitFileType = wrapper.application; includeInIndex = 0; path = "Test Project.app"; sourceTree = BUILT_PRODUCTS_DIR; };
		0675781D1D37F9030051509A /* AppDelegate.swift */ = {isa = PBXFileReference; lastKnownFileType = sourcecode.swift; path = AppDelegate.swift; sourceTree = "<group>"; };
		0675781F1D37F9030051509A /* ViewController.swift */ = {isa = PBXFileReference; lastKnownFileType = sourcecode.swift; path = ViewController.swift; sourceTree = "<group>"; };
		067578221D37F9030051509A /* Base */ = {isa = PBXFileReference; lastKnownFileType = file.storyboard; name = Base; path = Base.lproj/Main.storyboard; sourceTree = "<group>"; };
		067578241D37F9030051509A /* Assets.xcassets */ = {isa = PBXFileReference; lastKnownFileType = folder.assetcatalog; path = Assets.xcassets; sourceTree = "<group>"; };
		067578271D37F9030051509A /* Base */ = {isa = PBXFileReference; lastKnownFileType = file.storyboard; name = Base; path = Base.lproj/LaunchScreen.storyboard; sourceTree = "<group>"; };
		067578291D37F9030051509A /* Info.plist */ = {isa = PBXFileReference; lastKnownFileType = text.plist.xml; path = Info.plist; sourceTree = "<group>"; };
		0675782F1D381BA30051509A /* TodoTableViewController.swift */ = {isa = PBXFileReference; fileEncoding = 4; lastKnownFileType = sourcecode.swift; path = TodoTableViewController.swift; sourceTree = "<group>"; };
		067578331D381BCA0051509A /* TodoSchedulingViewController.swift */ = {isa = PBXFileReference; fileEncoding = 4; lastKnownFileType = sourcecode.swift; path = TodoSchedulingViewController.swift; sourceTree = "<group>"; };
		067578351D3821370051509A /* TodoItem.swift */ = {isa = PBXFileReference; fileEncoding = 4; lastKnownFileType = sourcecode.swift; path = TodoItem.swift; sourceTree = "<group>"; };
		067578371D3821DD0051509A /* TodoList.swift */ = {isa = PBXFileReference; fileEncoding = 4; lastKnownFileType = sourcecode.swift; path = TodoList.swift; sourceTree = "<group>"; };
/* End PBXFileReference section */

/* Begin PBXFrameworksBuildPhase section */
		067578171D37F9030051509A /* Frameworks */ = {
			isa = PBXFrameworksBuildPhase;
			buildActionMask = 2147483647;
			files = (
			);
			runOnlyForDeploymentPostprocessing = 0;
		};
/* End PBXFrameworksBuildPhase section */

/* Begin PBXGroup section */
		067578111D37F9030051509A = {
			isa = PBXGroup;
			children = (
				0675781C1D37F9030051509A /* Test Project */,
				0675781B1D37F9030051509A /* Products */,
			);
			sourceTree = "<group>";
		};
		0675781B1D37F9030051509A /* Products */ = {
			isa = PBXGroup;
			children = (
				0675781A1D37F9030051509A /* Test Project.app */,
			);
			name = Products;
			sourceTree = "<group>";
		};
		0675781C1D37F9030051509A /* Test Project */ = {
			isa = PBXGroup;
			children = (
				0675781D1D37F9030051509A /* AppDelegate.swift */,
				0675781F1D37F9030051509A /* ViewController.swift */,
				067578211D37F9030051509A /* Main.storyboard */,
				067578241D37F9030051509A /* Assets.xcassets */,
				067578261D37F9030051509A /* LaunchScreen.storyboard */,
				067578291D37F9030051509A /* Info.plist */,
				0675782F1D381BA30051509A /* TodoTableViewController.swift */,
				067578331D381BCA0051509A /* TodoSchedulingViewController.swift */,
				067578351D3821370051509A /* TodoItem.swift */,
				067578371D3821DD0051509A /* TodoList.swift */,
			);
			path = "Test Project";
			sourceTree = "<group>";
		};
/* End PBXGroup section */

/* Begin PBXNativeTarget section */
		067578191D37F9030051509A /* Test Project */ = {
			isa = PBXNativeTarget;
			buildConfigurationList = 0675782C1D37F9030051509A /* Build configuration list for PBXNativeTarget "Test Project" */;
			buildPhases = (
				067578161D37F9030051509A /* Sources */,
				067578171D37F9030051509A /* Frameworks */,
				067578181D37F9030051509A /* Resources */,
			);
			buildRules = (
			);
			dependencies = (
			);
			name = "Test Project";
			productName = "Test Project";
			productReference = 0675781A1D37F9030051509A /* Test Project.app */;
			productType = "com.apple.product-type.application";
		};
/* End PBXNativeTarget section */

/* Begin PBXProject section */
		067578121D37F9030051509A /* Project object */ = {
			isa = PBXProject;
			attributes = {
				LastSwiftUpdateCheck = 0730;
				LastUpgradeCheck = 0730;
				ORGANIZATIONNAME = "Eric Quinones";
				TargetAttributes = {
					067578191D37F9030051509A = {
						CreatedOnToolsVersion = 7.3;
						DevelopmentTeam = R488NZVH6E;
					};
				};
			};
			buildConfigurationList = 067578151D37F9030051509A /* Build configuration list for PBXProject "Test Project" */;
			compatibilityVersion = "Xcode 3.2";
			developmentRegion = English;
			hasScannedForEncodings = 0;
			knownRegions = (
				en,
				Base,
			);
			mainGroup = 067578111D37F9030051509A;
			productRefGroup = 0675781B1D37F9030051509A /* Products */;
			projectDirPath = "";
			projectRoot = "";
			targets = (
				067578191D37F9030051509A /* Test Project */,
			);
		};
/* End PBXProject section */

/* Begin PBXResourcesBuildPhase section */
		067578181D37F9030051509A /* Resources */ = {
			isa = PBXResourcesBuildPhase;
			buildActionMask = 2147483647;
			files = (
				067578281D37F9030051509A /* LaunchScreen.storyboard in Resources */,
				067578251D37F9030051509A /* Assets.xcassets in Resources */,
				067578231D37F9030051509A /* Main.storyboard in Resources */,
			);
			runOnlyForDeploymentPostprocessing = 0;
		};
/* End PBXResourcesBuildPhase section */

/* Begin PBXSourcesBuildPhase section */
		067578161D37F9030051509A /* Sources */ = {
			isa = PBXSourcesBuildPhase;
			buildActionMask = 2147483647;
			files = (
				067578361D3821370051509A /* TodoItem.swift in Sources */,
				067578341D381BCA0051509A /* TodoSchedulingViewController.swift in Sources */,
				067578201D37F9030051509A /* ViewController.swift in Sources */,
				067578381D3821DD0051509A /* TodoList.swift in Sources */,
				067578301D381BA30051509A /* TodoTableViewController.swift in Sources */,
				0675781E1D37F9030051509A /* AppDelegate.swift in Sources */,
			);
			runOnlyForDeploymentPostprocessing = 0;
		};
/* End PBXSourcesBuildPhase section */

/* Begin PBXVariantGroup section */
		067578211D37F9030051509A /* Main.storyboard */ = {
			isa = PBXVariantGroup;
			children = (
				067578221D37F9030051509A /* Base */,
			);
			name = Main.storyboard;
			sourceTree = "<group>";
		};
		067578261D37F9030051509A /* LaunchScreen.storyboard */ = {
			isa = PBXVariantGroup;
			children = (
				067578271D37F9030051509A /* Base */,
			);
			name = LaunchScreen.storyboard;
			sourceTree = "<group>";
		};
/* End PBXVariantGroup section */

/* Begin XCBuildConfiguration section */
		0675782A1D37F9030051509A /* Debug */ = {
			isa = XCBuildConfiguration;
			buildSettings = {
				ALWAYS_SEARCH_USER_PATHS = NO;
				CLANG_ANALYZER_NONNULL = YES;
				CLANG_CXX_LANGUAGE_STANDARD = "gnu++0x";
				CLANG_CXX_LIBRARY = "libc++";
				CLANG_ENABLE_MODULES = YES;
				CLANG_ENABLE_OBJC_ARC = YES;
				CLANG_WARN_BOOL_CONVERSION = YES;
				CLANG_WARN_CONSTANT_CONVERSION = YES;
				CLANG_WARN_DIRECT_OBJC_ISA_USAGE = YES_ERROR;
				CLANG_WARN_EMPTY_BODY = YES;
				CLANG_WARN_ENUM_CONVERSION = YES;
				CLANG_WARN_INT_CONVERSION = YES;
				CLANG_WARN_OBJC_ROOT_CLASS = YES_ERROR;
				CLANG_WARN_UNREACHABLE_CODE = YES;
				CLANG_WARN__DUPLICATE_METHOD_MATCH = YES;
				"CODE_SIGN_IDENTITY[sdk=iphoneos*]" = "iPhone Developer";
				COPY_PHASE_STRIP = NO;
				DEBUG_INFORMATION_FORMAT = dwarf;
				ENABLE_STRICT_OBJC_MSGSEND = YES;
				ENABLE_TESTABILITY = YES;
				GCC_C_LANGUAGE_STANDARD = gnu99;
				GCC_DYNAMIC_NO_PIC = NO;
				GCC_NO_COMMON_BLOCKS = YES;
				GCC_OPTIMIZATION_LEVEL = 0;
				GCC_PREPROCESSOR_DEFINITIONS = (
					"DEBUG=1",
					"$(inherited)",
				);
				GCC_WARN_64_TO_32_BIT_CONVERSION = YES;
				GCC_WARN_ABOUT_RETURN_TYPE = YES_ERROR;
				GCC_WARN_UNDECLARED_SELECTOR = YES;
				GCC_WARN_UNINITIALIZED_AUTOS = YES_AGGRESSIVE;
				GCC_WARN_UNUSED_FUNCTION = YES;
				GCC_WARN_UNUSED_VARIABLE = YES;
				IPHONEOS_DEPLOYMENT_TARGET = 9.3;
				MTL_ENABLE_DEBUG_INFO = YES;
				ONLY_ACTIVE_ARCH = YES;
				SDKROOT = iphoneos;
				SWIFT_OPTIMIZATION_LEVEL = "-Onone";
			};
			name = Debug;
		};
		0675782B1D37F9030051509A /* Release */ = {
			isa = XCBuildConfiguration;
			buildSettings = {
				ALWAYS_SEARCH_USER_PATHS = NO;
				CLANG_ANALYZER_NONNULL = YES;
				CLANG_CXX_LANGUAGE_STANDARD = "gnu++0x";
				CLANG_CXX_LIBRARY = "libc++";
				CLANG_ENABLE_MODULES = YES;
				CLANG_ENABLE_OBJC_ARC = YES;
				CLANG_WARN_BOOL_CONVERSION = YES;
				CLANG_WARN_CONSTANT_CONVERSION = YES;
				CLANG_WARN_DIRECT_OBJC_ISA_USAGE = YES_ERROR;
				CLANG_WARN_EMPTY_BODY = YES;
				CLANG_WARN_ENUM_CONVERSION = YES;
				CLANG_WARN_INT_CONVERSION = YES;
				CLANG_WARN_OBJC_ROOT_CLASS = YES_ERROR;
				CLANG_WARN_UNREACHABLE_CODE = YES;
				CLANG_WARN__DUPLICATE_METHOD_MATCH = YES;
				"CODE_SIGN_IDENTITY[sdk=iphoneos*]" = "iPhone Developer";
				COPY_PHASE_STRIP = NO;
				DEBUG_INFORMATION_FORMAT = "dwarf-with-dsym";
				ENABLE_NS_ASSERTIONS = NO;
				ENABLE_STRICT_OBJC_MSGSEND = YES;
				GCC_C_LANGUAGE_STANDARD = gnu99;
				GCC_NO_COMMON_BLOCKS = YES;
				GCC_WARN_64_TO_32_BIT_CONVERSION = YES;
				GCC_WARN_ABOUT_RETURN_TYPE = YES_ERROR;
				GCC_WARN_UNDECLARED_SELECTOR = YES;
				GCC_WARN_UNINITIALIZED_AUTOS = YES_AGGRESSIVE;
				GCC_WARN_UNUSED_FUNCTION = YES;
				GCC_WARN_UNUSED_VARIABLE = YES;
				IPHONEOS_DEPLOYMENT_TARGET = 9.3;
				MTL_ENABLE_DEBUG_INFO = NO;
				SDKROOT = iphoneos;
				VALIDATE_PRODUCT = YES;
			};
			name = Release;
		};
		0675782D1D37F9030051509A /* Debug */ = {
			isa = XCBuildConfiguration;
			buildSettings = {
				ASSETCATALOG_COMPILER_APPICON_NAME = AppIcon;
				INFOPLIST_FILE = "Test Project/Info.plist";
				LD_RUNPATH_SEARCH_PATHS = "$(inherited) @executable_path/Frameworks";
				PRODUCT_BUNDLE_IDENTIFIER = "com.ericquinones.Test-Project";
				PRODUCT_NAME = "$(TARGET_NAME)";
			};
			name = Debug;
		};
		0675782E1D37F9030051509A /* Release */ = {
			isa = XCBuildConfiguration;
			buildSettings = {
				ASSETCATALOG_COMPILER_APPICON_NAME = AppIcon;
				INFOPLIST_FILE = "Test Project/Info.plist";
				LD_RUNPATH_SEARCH_PATHS = "$(inherited) @executable_path/Frameworks";
				PRODUCT_BUNDLE_IDENTIFIER = "com.ericquinones.Test-Project";
				PRODUCT_NAME = "$(TARGET_NAME)";
			};
			name = Release;
		};
/* End XCBuildConfiguration section */

/* Begin XCConfigurationList section */
		067578151D37F9030051509A /* Build configuration list for PBXProject "Test Project" */ = {
			isa = XCConfigurationList;
			buildConfigurations = (
				0675782A1D37F9030051509A /* Debug */,
				0675782B1D37F9030051509A /* Release */,
			);
			defaultConfigurationIsVisible = 0;
			defaultConfigurationName = Release;
		};
		0675782C1D37F9030051509A /* Build configuration list for PBXNativeTarget "Test Project" */ = {
			isa = XCConfigurationList;
			buildConfigurations = (
				0675782D1D37F9030051509A /* Debug */,
				0675782E1D37F9030051509A /* Release */,
			);
			defaultConfigurationIsVisible = 0;
		};
/* End XCConfigurationList section */
	};
	rootObject = 067578121D37F9030051509A /* Project object */;
}
